
Microsoft Visual Studio Solution File, Format Version 12.00
# Visual Studio Version 17
VisualStudioVersion = 17.11.35312.102
MinimumVisualStudioVersion = 10.0.40219.1
Project("{FAE04EC0-301F-11D3-BF4B-00C04F79EFBC}") = "backend", "backend.csproj", "{5CE047F9-97C9-49AC-9B58-0258197E7185}"
EndProject
Global
	GlobalSection(SolutionConfigurationPlatforms) = preSolution
		Debug|Any CPU = Debug|Any CPU
		Release|Any CPU = Release|Any CPU
	EndGlobalSection
	GlobalSection(ProjectConfigurationPlatforms) = postSolution
		{5CE047F9-97C9-49AC-9B58-0258197E7185}.Debug|Any CPU.ActiveCfg = Debug|Any CPU
		{5CE047F9-97C9-49AC-9B58-0258197E7185}.Debug|Any CPU.Build.0 = Debug|Any CPU
		{5CE047F9-97C9-49AC-9B58-0258197E7185}.Release|Any CPU.ActiveCfg = Release|Any CPU
		{5CE047F9-97C9-49AC-9B58-0258197E7185}.Release|Any CPU.Build.0 = Release|Any CPU
	EndGlobalSection
	GlobalSection(SolutionProperties) = preSolution
		HideSolutionNode = FALSE
	EndGlobalSection
	GlobalSection(ExtensibilityGlobals) = postSolution
		SolutionGuid = {00DFFDFB-D7CD-4C96-B569-045A9102AD2E}
	EndGlobalSection
EndGlobal
